
Microsoft Visual Studio Solution File, Format Version 12.00
# Visual Studio Version 16
VisualStudioVersion = 16.0.31702.278
MinimumVisualStudioVersion = 10.0.40219.1
Project("{9A19103F-16F7-4668-BE54-9A1E7A4F7556}") = "Mandelbrot generator", "Mandelbrot generator\Mandelbrot generator.csproj", "{10209199-851B-4B3E-8280-623A55DD264C}"
EndProject
Project("{C7167F0D-BC9F-4E6E-AFE1-012C56B48DB5}") = "MandelbrotPieter", "MandelbrotPieter\MandelbrotPieter.wapproj", "{32C8DC1E-D64B-42C4-8F95-AD63EAFDBFCE}"
EndProject
Project("{2150E333-8FDC-42A3-9474-1A3956D46DE8}") = "Solution Items", "Solution Items", "{7B061CF5-CD2F-4280-B9B3-CF4DF1DFC2C8}"
	ProjectSection(SolutionItems) = preProject
		..\Feedback_-_opgave_1.md = ..\Feedback_-_opgave_1.md
		..\Verslag AP Pieter De Block.pdf = ..\Verslag AP Pieter De Block.pdf
	EndProjectSection
EndProject
Global
	GlobalSection(SolutionConfigurationPlatforms) = preSolution
		Debug|Any CPU = Debug|Any CPU
		Debug|ARM = Debug|ARM
		Debug|ARM64 = Debug|ARM64
		Debug|x64 = Debug|x64
		Debug|x86 = Debug|x86
		Release|Any CPU = Release|Any CPU
		Release|ARM = Release|ARM
		Release|ARM64 = Release|ARM64
		Release|x64 = Release|x64
		Release|x86 = Release|x86
	EndGlobalSection
	GlobalSection(ProjectConfigurationPlatforms) = postSolution
		{10209199-851B-4B3E-8280-623A55DD264C}.Debug|Any CPU.ActiveCfg = Debug|Any CPU
		{10209199-851B-4B3E-8280-623A55DD264C}.Debug|Any CPU.Build.0 = Debug|Any CPU
		{10209199-851B-4B3E-8280-623A55DD264C}.Debug|ARM.ActiveCfg = Debug|Any CPU
		{10209199-851B-4B3E-8280-623A55DD264C}.Debug|ARM.Build.0 = Debug|Any CPU
		{10209199-851B-4B3E-8280-623A55DD264C}.Debug|ARM64.ActiveCfg = Debug|Any CPU
		{10209199-851B-4B3E-8280-623A55DD264C}.Debug|ARM64.Build.0 = Debug|Any CPU
		{10209199-851B-4B3E-8280-623A55DD264C}.Debug|x64.ActiveCfg = Debug|Any CPU
		{10209199-851B-4B3E-8280-623A55DD264C}.Debug|x64.Build.0 = Debug|Any CPU
		{10209199-851B-4B3E-8280-623A55DD264C}.Debug|x86.ActiveCfg = Debug|Any CPU
		{10209199-851B-4B3E-8280-623A55DD264C}.Debug|x86.Build.0 = Debug|Any CPU
		{10209199-851B-4B3E-8280-623A55DD264C}.Release|Any CPU.ActiveCfg = Release|Any CPU
		{10209199-851B-4B3E-8280-623A55DD264C}.Release|Any CPU.Build.0 = Release|Any CPU
		{10209199-851B-4B3E-8280-623A55DD264C}.Release|ARM.ActiveCfg = Release|Any CPU
		{10209199-851B-4B3E-8280-623A55DD264C}.Release|ARM.Build.0 = Release|Any CPU
		{10209199-851B-4B3E-8280-623A55DD264C}.Release|ARM64.ActiveCfg = Release|Any CPU
		{10209199-851B-4B3E-8280-623A55DD264C}.Release|ARM64.Build.0 = Release|Any CPU
		{10209199-851B-4B3E-8280-623A55DD264C}.Release|x64.ActiveCfg = Release|Any CPU
		{10209199-851B-4B3E-8280-623A55DD264C}.Release|x64.Build.0 = Release|Any CPU
		{10209199-851B-4B3E-8280-623A55DD264C}.Release|x86.ActiveCfg = Release|Any CPU
		{10209199-851B-4B3E-8280-623A55DD264C}.Release|x86.Build.0 = Release|Any CPU
		{32C8DC1E-D64B-42C4-8F95-AD63EAFDBFCE}.Debug|Any CPU.ActiveCfg = Debug|Any CPU
		{32C8DC1E-D64B-42C4-8F95-AD63EAFDBFCE}.Debug|Any CPU.Build.0 = Debug|Any CPU
		{32C8DC1E-D64B-42C4-8F95-AD63EAFDBFCE}.Debug|Any CPU.Deploy.0 = Debug|Any CPU
		{32C8DC1E-D64B-42C4-8F95-AD63EAFDBFCE}.Debug|ARM.ActiveCfg = Debug|ARM
		{32C8DC1E-D64B-42C4-8F95-AD63EAFDBFCE}.Debug|ARM.Build.0 = Debug|ARM
		{32C8DC1E-D64B-42C4-8F95-AD63EAFDBFCE}.Debug|ARM.Deploy.0 = Debug|ARM
		{32C8DC1E-D64B-42C4-8F95-AD63EAFDBFCE}.Debug|ARM64.ActiveCfg = Debug|ARM64
		{32C8DC1E-D64B-42C4-8F95-AD63EAFDBFCE}.Debug|ARM64.Build.0 = Debug|ARM64
		{32C8DC1E-D64B-42C4-8F95-AD63EAFDBFCE}.Debug|ARM64.Deploy.0 = Debug|ARM64
		{32C8DC1E-D64B-42C4-8F95-AD63EAFDBFCE}.Debug|x64.ActiveCfg = Debug|x64
		{32C8DC1E-D64B-42C4-8F95-AD63EAFDBFCE}.Debug|x64.Build.0 = Debug|x64
		{32C8DC1E-D64B-42C4-8F95-AD63EAFDBFCE}.Debug|x64.Deploy.0 = Debug|x64
		{32C8DC1E-D64B-42C4-8F95-AD63EAFDBFCE}.Debug|x86.ActiveCfg = Debug|x86
		{32C8DC1E-D64B-42C4-8F95-AD63EAFDBFCE}.Debug|x86.Build.0 = Debug|x86
		{32C8DC1E-D64B-42C4-8F95-AD63EAFDBFCE}.Debug|x86.Deploy.0 = Debug|x86
		{32C8DC1E-D64B-42C4-8F95-AD63EAFDBFCE}.Release|Any CPU.ActiveCfg = Release|Any CPU
		{32C8DC1E-D64B-42C4-8F95-AD63EAFDBFCE}.Release|Any CPU.Build.0 = Release|Any CPU
		{32C8DC1E-D64B-42C4-8F95-AD63EAFDBFCE}.Release|Any CPU.Deploy.0 = Release|Any CPU
		{32C8DC1E-D64B-42C4-8F95-AD63EAFDBFCE}.Release|ARM.ActiveCfg = Release|ARM
		{32C8DC1E-D64B-42C4-8F95-AD63EAFDBFCE}.Release|ARM.Build.0 = Release|ARM
		{32C8DC1E-D64B-42C4-8F95-AD63EAFDBFCE}.Release|ARM.Deploy.0 = Release|ARM
		{32C8DC1E-D64B-42C4-8F95-AD63EAFDBFCE}.Release|ARM64.ActiveCfg = Release|ARM64
		{32C8DC1E-D64B-42C4-8F95-AD63EAFDBFCE}.Release|ARM64.Build.0 = Release|ARM64
		{32C8DC1E-D64B-42C4-8F95-AD63EAFDBFCE}.Release|ARM64.Deploy.0 = Release|ARM64
		{32C8DC1E-D64B-42C4-8F95-AD63EAFDBFCE}.Release|x64.ActiveCfg = Release|x64
		{32C8DC1E-D64B-42C4-8F95-AD63EAFDBFCE}.Release|x64.Build.0 = Release|x64
		{32C8DC1E-D64B-42C4-8F95-AD63EAFDBFCE}.Release|x64.Deploy.0 = Release|x64
		{32C8DC1E-D64B-42C4-8F95-AD63EAFDBFCE}.Release|x86.ActiveCfg = Release|x86
		{32C8DC1E-D64B-42C4-8F95-AD63EAFDBFCE}.Release|x86.Build.0 = Release|x86
		{32C8DC1E-D64B-42C4-8F95-AD63EAFDBFCE}.Release|x86.Deploy.0 = Release|x86
	EndGlobalSection
	GlobalSection(SolutionProperties) = preSolution
		HideSolutionNode = FALSE
	EndGlobalSection
	GlobalSection(ExtensibilityGlobals) = postSolution
		SolutionGuid = {2FDD8F6A-1EDE-490F-81EE-5FC5FCCFCBD1}
	EndGlobalSection
EndGlobal
